
Microsoft Visual Studio Solution File, Format Version 12.00
# Visual Studio Version 17
VisualStudioVersion = 17.0.32112.339
MinimumVisualStudioVersion = 10.0.40219.1
Project("{9A19103F-16F7-4668-BE54-9A1E7A4F7556}") = "API", "src\API\API.csproj", "{F43C4947-F77B-48CF-8765-133E673583EF}"
EndProject
Project("{2150E333-8FDC-42A3-9474-1A3956D46DE8}") = "src", "src", "{429A4B0F-3612-47D6-9F67-1B453BFF5D15}"
EndProject
Project("{2150E333-8FDC-42A3-9474-1A3956D46DE8}") = "tests", "tests", "{23CDB1E2-777B-4A99-AE4D-B53C9A4892A4}"
EndProject
Project("{FAE04EC0-301F-11D3-BF4B-00C04F79EFBC}") = "Application", "src\Application\Application.csproj", "{BF91E418-A40C-4313-91D8-63041C810DC7}"
EndProject
Project("{FAE04EC0-301F-11D3-BF4B-00C04F79EFBC}") = "Domain", "src\Domain\Domain.csproj", "{E0703195-0E31-4F5E-80E5-080DC4765CE2}"
EndProject
Project("{FAE04EC0-301F-11D3-BF4B-00C04F79EFBC}") = "Infrastructure", "src\Infrastructure\Infrastructure.csproj", "{F23DB2B6-90EB-4DAA-90B8-FB5E5264F435}"
EndProject
Global
	GlobalSection(SolutionConfigurationPlatforms) = preSolution
		Debug|Any CPU = Debug|Any CPU
		Release|Any CPU = Release|Any CPU
	EndGlobalSection
	GlobalSection(ProjectConfigurationPlatforms) = postSolution
		{F43C4947-F77B-48CF-8765-133E673583EF}.Debug|Any CPU.ActiveCfg = Debug|Any CPU
		{F43C4947-F77B-48CF-8765-133E673583EF}.Debug|Any CPU.Build.0 = Debug|Any CPU
		{F43C4947-F77B-48CF-8765-133E673583EF}.Release|Any CPU.ActiveCfg = Release|Any CPU
		{F43C4947-F77B-48CF-8765-133E673583EF}.Release|Any CPU.Build.0 = Release|Any CPU
		{BF91E418-A40C-4313-91D8-63041C810DC7}.Debug|Any CPU.ActiveCfg = Debug|Any CPU
		{BF91E418-A40C-4313-91D8-63041C810DC7}.Debug|Any CPU.Build.0 = Debug|Any CPU
		{BF91E418-A40C-4313-91D8-63041C810DC7}.Release|Any CPU.ActiveCfg = Release|Any CPU
		{BF91E418-A40C-4313-91D8-63041C810DC7}.Release|Any CPU.Build.0 = Release|Any CPU
		{E0703195-0E31-4F5E-80E5-080DC4765CE2}.Debug|Any CPU.ActiveCfg = Debug|Any CPU
		{E0703195-0E31-4F5E-80E5-080DC4765CE2}.Debug|Any CPU.Build.0 = Debug|Any CPU
		{E0703195-0E31-4F5E-80E5-080DC4765CE2}.Release|Any CPU.ActiveCfg = Release|Any CPU
		{E0703195-0E31-4F5E-80E5-080DC4765CE2}.Release|Any CPU.Build.0 = Release|Any CPU
		{F23DB2B6-90EB-4DAA-90B8-FB5E5264F435}.Debug|Any CPU.ActiveCfg = Debug|Any CPU
		{F23DB2B6-90EB-4DAA-90B8-FB5E5264F435}.Debug|Any CPU.Build.0 = Debug|Any CPU
		{F23DB2B6-90EB-4DAA-90B8-FB5E5264F435}.Release|Any CPU.ActiveCfg = Release|Any CPU
		{F23DB2B6-90EB-4DAA-90B8-FB5E5264F435}.Release|Any CPU.Build.0 = Release|Any CPU
	EndGlobalSection
	GlobalSection(SolutionProperties) = preSolution
		HideSolutionNode = FALSE
	EndGlobalSection
	GlobalSection(NestedProjects) = preSolution
		{F43C4947-F77B-48CF-8765-133E673583EF} = {429A4B0F-3612-47D6-9F67-1B453BFF5D15}
		{BF91E418-A40C-4313-91D8-63041C810DC7} = {429A4B0F-3612-47D6-9F67-1B453BFF5D15}
		{E0703195-0E31-4F5E-80E5-080DC4765CE2} = {429A4B0F-3612-47D6-9F67-1B453BFF5D15}
		{F23DB2B6-90EB-4DAA-90B8-FB5E5264F435} = {429A4B0F-3612-47D6-9F67-1B453BFF5D15}
	EndGlobalSection
	GlobalSection(ExtensibilityGlobals) = postSolution
		SolutionGuid = {B7DA6A00-7766-42F5-9099-FF44CAAE2B84}
	EndGlobalSection
EndGlobal
